// !$*UTF8*$!
{
	archiveVersion = 1;
	classes = {
	};
	objectVersion = 50;
	objects = {

/* Begin PBXBuildFile section */
		8486EEC82269C76C00E742CC /* AppDelegate.swift in Sources */ = {isa = PBXBuildFile; fileRef = 8486EEC72269C76C00E742CC /* AppDelegate.swift */; };
		8486EECA2269C76C00E742CC /* ViewController.swift in Sources */ = {isa = PBXBuildFile; fileRef = 8486EEC92269C76C00E742CC /* ViewController.swift */; };
		8486EECD2269C76C00E742CC /* Main.storyboard in Resources */ = {isa = PBXBuildFile; fileRef = 8486EECB2269C76C00E742CC /* Main.storyboard */; };
		8486EECF2269C76F00E742CC /* Assets.xcassets in Resources */ = {isa = PBXBuildFile; fileRef = 8486EECE2269C76F00E742CC /* Assets.xcassets */; };
		8486EED22269C76F00E742CC /* LaunchScreen.storyboard in Resources */ = {isa = PBXBuildFile; fileRef = 8486EED02269C76F00E742CC /* LaunchScreen.storyboard */; };
		8486EEDB2269CEBA00E742CC /* PickScheduleView.swift in Sources */ = {isa = PBXBuildFile; fileRef = 8486EED92269CEB900E742CC /* PickScheduleView.swift */; };
		8486EEDC2269CEBA00E742CC /* PickScheduleView.xib in Resources */ = {isa = PBXBuildFile; fileRef = 8486EEDA2269CEB900E742CC /* PickScheduleView.xib */; };
		8486EEEA226AC30400E742CC /* DayPickerScheduleCell.swift in Sources */ = {isa = PBXBuildFile; fileRef = 8486EEE8226AC30400E742CC /* DayPickerScheduleCell.swift */; };
		8486EEEB226AC30400E742CC /* DayPickerScheduleCell.xib in Resources */ = {isa = PBXBuildFile; fileRef = 8486EEE9226AC30400E742CC /* DayPickerScheduleCell.xib */; };
/* End PBXBuildFile section */

/* Begin PBXFileReference section */
		8486EEC42269C76C00E742CC /* TestUIView.app */ = {isa = PBXFileReference; explicitFileType = wrapper.application; includeInIndex = 0; path = TestUIView.app; sourceTree = BUILT_PRODUCTS_DIR; };
		8486EEC72269C76C00E742CC /* AppDelegate.swift */ = {isa = PBXFileReference; lastKnownFileType = sourcecode.swift; path = AppDelegate.swift; sourceTree = "<group>"; };
		8486EEC92269C76C00E742CC /* ViewController.swift */ = {isa = PBXFileReference; lastKnownFileType = sourcecode.swift; path = ViewController.swift; sourceTree = "<group>"; };
		8486EECC2269C76C00E742CC /* Base */ = {isa = PBXFileReference; lastKnownFileType = file.storyboard; name = Base; path = Base.lproj/Main.storyboard; sourceTree = "<group>"; };
		8486EECE2269C76F00E742CC /* Assets.xcassets */ = {isa = PBXFileReference; lastKnownFileType = folder.assetcatalog; path = Assets.xcassets; sourceTree = "<group>"; };
		8486EED12269C76F00E742CC /* Base */ = {isa = PBXFileReference; lastKnownFileType = file.storyboard; name = Base; path = Base.lproj/LaunchScreen.storyboard; sourceTree = "<group>"; };
		8486EED32269C76F00E742CC /* Info.plist */ = {isa = PBXFileReference; lastKnownFileType = text.plist.xml; path = Info.plist; sourceTree = "<group>"; };
		8486EED92269CEB900E742CC /* PickScheduleView.swift */ = {isa = PBXFileReference; fileEncoding = 4; lastKnownFileType = sourcecode.swift; path = PickScheduleView.swift; sourceTree = "<group>"; };
		8486EEDA2269CEB900E742CC /* PickScheduleView.xib */ = {isa = PBXFileReference; fileEncoding = 4; lastKnownFileType = file.xib; path = PickScheduleView.xib; sourceTree = "<group>"; };
		8486EEE8226AC30400E742CC /* DayPickerScheduleCell.swift */ = {isa = PBXFileReference; lastKnownFileType = sourcecode.swift; path = DayPickerScheduleCell.swift; sourceTree = "<group>"; };
		8486EEE9226AC30400E742CC /* DayPickerScheduleCell.xib */ = {isa = PBXFileReference; lastKnownFileType = file.xib; path = DayPickerScheduleCell.xib; sourceTree = "<group>"; };
/* End PBXFileReference section */

/* Begin PBXFrameworksBuildPhase section */
		8486EEC12269C76C00E742CC /* Frameworks */ = {
			isa = PBXFrameworksBuildPhase;
			buildActionMask = 2147483647;
			files = (
			);
			runOnlyForDeploymentPostprocessing = 0;
		};
/* End PBXFrameworksBuildPhase section */

/* Begin PBXGroup section */
		8486EEBB2269C76C00E742CC = {
			isa = PBXGroup;
			children = (
				8486EEC62269C76C00E742CC /* TestUIView */,
				8486EEC52269C76C00E742CC /* Products */,
			);
			sourceTree = "<group>";
		};
		8486EEC52269C76C00E742CC /* Products */ = {
			isa = PBXGroup;
			children = (
				8486EEC42269C76C00E742CC /* TestUIView.app */,
			);
			name = Products;
			sourceTree = "<group>";
		};
		8486EEC62269C76C00E742CC /* TestUIView */ = {
			isa = PBXGroup;
			children = (
				8486EEE62269E89B00E742CC /* PickSchedule */,
				8486EEC72269C76C00E742CC /* AppDelegate.swift */,
				8486EEC92269C76C00E742CC /* ViewController.swift */,
				8486EECB2269C76C00E742CC /* Main.storyboard */,
				8486EECE2269C76F00E742CC /* Assets.xcassets */,
				8486EED02269C76F00E742CC /* LaunchScreen.storyboard */,
				8486EED32269C76F00E742CC /* Info.plist */,
			);
			path = TestUIView;
			sourceTree = "<group>";
		};
		8486EEE62269E89B00E742CC /* PickSchedule */ = {
			isa = PBXGroup;
			children = (
				8486EEE7226AC2D100E742CC /* cells */,
				8486EED92269CEB900E742CC /* PickScheduleView.swift */,
				8486EEDA2269CEB900E742CC /* PickScheduleView.xib */,
			);
			path = PickSchedule;
			sourceTree = "<group>";
		};
		8486EEE7226AC2D100E742CC /* cells */ = {
			isa = PBXGroup;
			children = (
				8486EEE8226AC30400E742CC /* DayPickerScheduleCell.swift */,
				8486EEE9226AC30400E742CC /* DayPickerScheduleCell.xib */,
			);
			path = cells;
			sourceTree = "<group>";
		};
/* End PBXGroup section */

/* Begin PBXNativeTarget section */
		8486EEC32269C76C00E742CC /* TestUIView */ = {
			isa = PBXNativeTarget;
			buildConfigurationList = 8486EED62269C76F00E742CC /* Build configuration list for PBXNativeTarget "TestUIView" */;
			buildPhases = (
				8486EEC02269C76C00E742CC /* Sources */,
				8486EEC12269C76C00E742CC /* Frameworks */,
				8486EEC22269C76C00E742CC /* Resources */,
			);
			buildRules = (
			);
			dependencies = (
			);
			name = TestUIView;
			productName = TestUIView;
			productReference = 8486EEC42269C76C00E742CC /* TestUIView.app */;
			productType = "com.apple.product-type.application";
		};
/* End PBXNativeTarget section */

/* Begin PBXProject section */
		8486EEBC2269C76C00E742CC /* Project object */ = {
			isa = PBXProject;
			attributes = {
				LastSwiftUpdateCheck = 1020;
				LastUpgradeCheck = 1020;
				ORGANIZATIONNAME = Admin;
				TargetAttributes = {
					8486EEC32269C76C00E742CC = {
						CreatedOnToolsVersion = 10.2.1;
					};
				};
			};
			buildConfigurationList = 8486EEBF2269C76C00E742CC /* Build configuration list for PBXProject "TestUIView" */;
			compatibilityVersion = "Xcode 9.3";
			developmentRegion = en;
			hasScannedForEncodings = 0;
			knownRegions = (
				en,
				Base,
			);
			mainGroup = 8486EEBB2269C76C00E742CC;
			productRefGroup = 8486EEC52269C76C00E742CC /* Products */;
			projectDirPath = "";
			projectRoot = "";
			targets = (
				8486EEC32269C76C00E742CC /* TestUIView */,
			);
		};
/* End PBXProject section */

/* Begin PBXResourcesBuildPhase section */
		8486EEC22269C76C00E742CC /* Resources */ = {
			isa = PBXResourcesBuildPhase;
			buildActionMask = 2147483647;
			files = (
				8486EEDC2269CEBA00E742CC /* PickScheduleView.xib in Resources */,
				8486EED22269C76F00E742CC /* LaunchScreen.storyboard in Resources */,
				8486EECF2269C76F00E742CC /* Assets.xcassets in Resources */,
				8486EEEB226AC30400E742CC /* DayPickerScheduleCell.xib in Resources */,
				8486EECD2269C76C00E742CC /* Main.storyboard in Resources */,
			);
			runOnlyForDeploymentPostprocessing = 0;
		};
/* End PBXResourcesBuildPhase section */

/* Begin PBXSourcesBuildPhase section */
		8486EEC02269C76C00E742CC /* Sources */ = {
			isa = PBXSourcesBuildPhase;
			buildActionMask = 2147483647;
			files = (
				8486EEDB2269CEBA00E742CC /* PickScheduleView.swift in Sources */,
				8486EECA2269C76C00E742CC /* ViewController.swift in Sources */,
				8486EEC82269C76C00E742CC /* AppDelegate.swift in Sources */,
				8486EEEA226AC30400E742CC /* DayPickerScheduleCell.swift in Sources */,
			);
			runOnlyForDeploymentPostprocessing = 0;
		};
/* End PBXSourcesBuildPhase section */

/* Begin PBXVariantGroup section */
		8486EECB2269C76C00E742CC /* Main.storyboard */ = {
			isa = PBXVariantGroup;
			children = (
				8486EECC2269C76C00E742CC /* Base */,
			);
			name = Main.storyboard;
			sourceTree = "<group>";
		};
		8486EED02269C76F00E742CC /* LaunchScreen.storyboard */ = {
			isa = PBXVariantGroup;
			children = (
				8486EED12269C76F00E742CC /* Base */,
			);
			name = LaunchScreen.storyboard;
			sourceTree = "<group>";
		};
/* End PBXVariantGroup section */

/* Begin XCBuildConfiguration section */
		8486EED42269C76F00E742CC /* Debug */ = {
			isa = XCBuildConfiguration;
			buildSettings = {
				ALWAYS_SEARCH_USER_PATHS = NO;
				CLANG_ANALYZER_NONNULL = YES;
				CLANG_ANALYZER_NUMBER_OBJECT_CONVERSION = YES_AGGRESSIVE;
				CLANG_CXX_LANGUAGE_STANDARD = "gnu++14";
				CLANG_CXX_LIBRARY = "libc++";
				CLANG_ENABLE_MODULES = YES;
				CLANG_ENABLE_OBJC_ARC = YES;
				CLANG_ENABLE_OBJC_WEAK = YES;
				CLANG_WARN_BLOCK_CAPTURE_AUTORELEASING = YES;
				CLANG_WARN_BOOL_CONVERSION = YES;
				CLANG_WARN_COMMA = YES;
				CLANG_WARN_CONSTANT_CONVERSION = YES;
				CLANG_WARN_DEPRECATED_OBJC_IMPLEMENTATIONS = YES;
				CLANG_WARN_DIRECT_OBJC_ISA_USAGE = YES_ERROR;
				CLANG_WARN_DOCUMENTATION_COMMENTS = YES;
				CLANG_WARN_EMPTY_BODY = YES;
				CLANG_WARN_ENUM_CONVERSION = YES;
				CLANG_WARN_INFINITE_RECURSION = YES;
				CLANG_WARN_INT_CONVERSION = YES;
				CLANG_WARN_NON_LITERAL_NULL_CONVERSION = YES;
				CLANG_WARN_OBJC_IMPLICIT_RETAIN_SELF = YES;
				CLANG_WARN_OBJC_LITERAL_CONVERSION = YES;
				CLANG_WARN_OBJC_ROOT_CLASS = YES_ERROR;
				CLANG_WARN_RANGE_LOOP_ANALYSIS = YES;
				CLANG_WARN_STRICT_PROTOTYPES = YES;
				CLANG_WARN_SUSPICIOUS_MOVE = YES;
				CLANG_WARN_UNGUARDED_AVAILABILITY = YES_AGGRESSIVE;
				CLANG_WARN_UNREACHABLE_CODE = YES;
				CLANG_WARN__DUPLICATE_METHOD_MATCH = YES;
				CODE_SIGN_IDENTITY = "iPhone Developer";
				COPY_PHASE_STRIP = NO;
				DEBUG_INFORMATION_FORMAT = dwarf;
				ENABLE_STRICT_OBJC_MSGSEND = YES;
				ENABLE_TESTABILITY = YES;
				GCC_C_LANGUAGE_STANDARD = gnu11;
				GCC_DYNAMIC_NO_PIC = NO;
				GCC_NO_COMMON_BLOCKS = YES;
				GCC_OPTIMIZATION_LEVEL = 0;
				GCC_PREPROCESSOR_DEFINITIONS = (
					"DEBUG=1",
					"$(inherited)",
				);
				GCC_WARN_64_TO_32_BIT_CONVERSION = YES;
				GCC_WARN_ABOUT_RETURN_TYPE = YES_ERROR;
				GCC_WARN_UNDECLARED_SELECTOR = YES;
				GCC_WARN_UNINITIALIZED_AUTOS = YES_AGGRESSIVE;
				GCC_WARN_UNUSED_FUNCTION = YES;
				GCC_WARN_UNUSED_VARIABLE = YES;
				IPHONEOS_DEPLOYMENT_TARGET = 12.2;
				MTL_ENABLE_DEBUG_INFO = INCLUDE_SOURCE;
				MTL_FAST_MATH = YES;
				ONLY_ACTIVE_ARCH = YES;
				SDKROOT = iphoneos;
				SWIFT_ACTIVE_COMPILATION_CONDITIONS = DEBUG;
				SWIFT_OPTIMIZATION_LEVEL = "-Onone";
			};
			name = Debug;
		};
		8486EED52269C76F00E742CC /* Release */ = {
			isa = XCBuildConfiguration;
			buildSettings = {
				ALWAYS_SEARCH_USER_PATHS = NO;
				CLANG_ANALYZER_NONNULL = YES;
				CLANG_ANALYZER_NUMBER_OBJECT_CONVERSION = YES_AGGRESSIVE;
				CLANG_CXX_LANGUAGE_STANDARD = "gnu++14";
				CLANG_CXX_LIBRARY = "libc++";
				CLANG_ENABLE_MODULES = YES;
				CLANG_ENABLE_OBJC_ARC = YES;
				CLANG_ENABLE_OBJC_WEAK = YES;
				CLANG_WARN_BLOCK_CAPTURE_AUTORELEASING = YES;
				CLANG_WARN_BOOL_CONVERSION = YES;
				CLANG_WARN_COMMA = YES;
				CLANG_WARN_CONSTANT_CONVERSION = YES;
				CLANG_WARN_DEPRECATED_OBJC_IMPLEMENTATIONS = YES;
				CLANG_WARN_DIRECT_OBJC_ISA_USAGE = YES_ERROR;
				CLANG_WARN_DOCUMENTATION_COMMENTS = YES;
				CLANG_WARN_EMPTY_BODY = YES;
				CLANG_WARN_ENUM_CONVERSION = YES;
				CLANG_WARN_INFINITE_RECURSION = YES;
				CLANG_WARN_INT_CONVERSION = YES;
				CLANG_WARN_NON_LITERAL_NULL_CONVERSION = YES;
				CLANG_WARN_OBJC_IMPLICIT_RETAIN_SELF = YES;
				CLANG_WARN_OBJC_LITERAL_CONVERSION = YES;
				CLANG_WARN_OBJC_ROOT_CLASS = YES_ERROR;
				CLANG_WARN_RANGE_LOOP_ANALYSIS = YES;
				CLANG_WARN_STRICT_PROTOTYPES = YES;
				CLANG_WARN_SUSPICIOUS_MOVE = YES;
				CLANG_WARN_UNGUARDED_AVAILABILITY = YES_AGGRESSIVE;
				CLANG_WARN_UNREACHABLE_CODE = YES;
				CLANG_WARN__DUPLICATE_METHOD_MATCH = YES;
				CODE_SIGN_IDENTITY = "iPhone Developer";
				COPY_PHASE_STRIP = NO;
				DEBUG_INFORMATION_FORMAT = "dwarf-with-dsym";
				ENABLE_NS_ASSERTIONS = NO;
				ENABLE_STRICT_OBJC_MSGSEND = YES;
				GCC_C_LANGUAGE_STANDARD = gnu11;
				GCC_NO_COMMON_BLOCKS = YES;
				GCC_WARN_64_TO_32_BIT_CONVERSION = YES;
				GCC_WARN_ABOUT_RETURN_TYPE = YES_ERROR;
				GCC_WARN_UNDECLARED_SELECTOR = YES;
				GCC_WARN_UNINITIALIZED_AUTOS = YES_AGGRESSIVE;
				GCC_WARN_UNUSED_FUNCTION = YES;
				GCC_WARN_UNUSED_VARIABLE = YES;
				IPHONEOS_DEPLOYMENT_TARGET = 12.2;
				MTL_ENABLE_DEBUG_INFO = NO;
				MTL_FAST_MATH = YES;
				SDKROOT = iphoneos;
				SWIFT_COMPILATION_MODE = wholemodule;
				SWIFT_OPTIMIZATION_LEVEL = "-O";
				VALIDATE_PRODUCT = YES;
			};
			name = Release;
		};
		8486EED72269C76F00E742CC /* Debug */ = {
			isa = XCBuildConfiguration;
			buildSettings = {
				ASSETCATALOG_COMPILER_APPICON_NAME = AppIcon;
				CODE_SIGN_STYLE = Automatic;
				DEVELOPMENT_TEAM = L5RQ4B5375;
				INFOPLIST_FILE = TestUIView/Info.plist;
				IPHONEOS_DEPLOYMENT_TARGET = 10.0;
				LD_RUNPATH_SEARCH_PATHS = (
					"$(inherited)",
					"@executable_path/Frameworks",
				);
				PRODUCT_BUNDLE_IDENTIFIER = onepay.TestUIView;
				PRODUCT_NAME = "$(TARGET_NAME)";
				SWIFT_VERSION = 5.0;
				TARGETED_DEVICE_FAMILY = "1,2";
			};
			name = Debug;
		};
		8486EED82269C76F00E742CC /* Release */ = {
			isa = XCBuildConfiguration;
			buildSettings = {
				ASSETCATALOG_COMPILER_APPICON_NAME = AppIcon;
				CODE_SIGN_STYLE = Automatic;
				DEVELOPMENT_TEAM = L5RQ4B5375;
				INFOPLIST_FILE = TestUIView/Info.plist;
				IPHONEOS_DEPLOYMENT_TARGET = 10.0;
				LD_RUNPATH_SEARCH_PATHS = (
					"$(inherited)",
					"@executable_path/Frameworks",
				);
				PRODUCT_BUNDLE_IDENTIFIER = onepay.TestUIView;
				PRODUCT_NAME = "$(TARGET_NAME)";
				SWIFT_VERSION = 5.0;
				TARGETED_DEVICE_FAMILY = "1,2";
			};
			name = Release;
		};
/* End XCBuildConfiguration section */

/* Begin XCConfigurationList section */
		8486EEBF2269C76C00E742CC /* Build configuration list for PBXProject "TestUIView" */ = {
			isa = XCConfigurationList;
			buildConfigurations = (
				8486EED42269C76F00E742CC /* Debug */,
				8486EED52269C76F00E742CC /* Release */,
			);
			defaultConfigurationIsVisible = 0;
			defaultConfigurationName = Release;
		};
		8486EED62269C76F00E742CC /* Build configuration list for PBXNativeTarget "TestUIView" */ = {
			isa = XCConfigurationList;
			buildConfigurations = (
				8486EED72269C76F00E742CC /* Debug */,
				8486EED82269C76F00E742CC /* Release */,
			);
			defaultConfigurationIsVisible = 0;
			defaultConfigurationName = Release;
		};
/* End XCConfigurationList section */
	};
	rootObject = 8486EEBC2269C76C00E742CC /* Project object */;
}
